
Microsoft Visual Studio Solution File, Format Version 12.00
# Visual Studio 15
VisualStudioVersion = 15.0.28010.2003
MinimumVisualStudioVersion = 10.0.40219.1
Project("{FAE04EC0-301F-11D3-BF4B-00C04F79EFBC}") = "RestaurantGuide.Web", "RestaurantGuide.Web\RestaurantGuide.Web.csproj", "{F702FCA1-6D88-4BB9-9672-B3741E1A2B70}"
EndProject
Project("{FAE04EC0-301F-11D3-BF4B-00C04F79EFBC}") = "RestaurantGuide.Web.Tests", "RestaurantGuide.Web.Tests\RestaurantGuide.Web.Tests.csproj", "{EED3573C-9ECD-42B6-870B-A8EEC28A24A1}"
EndProject
Global
	GlobalSection(SolutionConfigurationPlatforms) = preSolution
		Debug|Any CPU = Debug|Any CPU
		Release|Any CPU = Release|Any CPU
	EndGlobalSection
	GlobalSection(ProjectConfigurationPlatforms) = postSolution
		{F702FCA1-6D88-4BB9-9672-B3741E1A2B70}.Debug|Any CPU.ActiveCfg = Debug|Any CPU
		{F702FCA1-6D88-4BB9-9672-B3741E1A2B70}.Debug|Any CPU.Build.0 = Debug|Any CPU
		{F702FCA1-6D88-4BB9-9672-B3741E1A2B70}.Release|Any CPU.ActiveCfg = Release|Any CPU
		{F702FCA1-6D88-4BB9-9672-B3741E1A2B70}.Release|Any CPU.Build.0 = Release|Any CPU
		{EED3573C-9ECD-42B6-870B-A8EEC28A24A1}.Debug|Any CPU.ActiveCfg = Debug|Any CPU
		{EED3573C-9ECD-42B6-870B-A8EEC28A24A1}.Debug|Any CPU.Build.0 = Debug|Any CPU
		{EED3573C-9ECD-42B6-870B-A8EEC28A24A1}.Release|Any CPU.ActiveCfg = Release|Any CPU
		{EED3573C-9ECD-42B6-870B-A8EEC28A24A1}.Release|Any CPU.Build.0 = Release|Any CPU
	EndGlobalSection
	GlobalSection(SolutionProperties) = preSolution
		HideSolutionNode = FALSE
	EndGlobalSection
	GlobalSection(ExtensibilityGlobals) = postSolution
		SolutionGuid = {471405F0-DE19-475C-AD3B-F341898A9DB6}
	EndGlobalSection
EndGlobal
